
Microsoft Visual Studio Solution File, Format Version 12.00
# Visual Studio Version 16
VisualStudioVersion = 16.0.31702.278
MinimumVisualStudioVersion = 10.0.40219.1
Project("{FAE04EC0-301F-11D3-BF4B-00C04F79EFBC}") = "ConsoleApp17", "ConsoleApp17\ConsoleApp17.csproj", "{F37E799B-A8E9-4D0C-AFC1-B2228C2C711D}"
EndProject
Global
	GlobalSection(SolutionConfigurationPlatforms) = preSolution
		Debug|Any CPU = Debug|Any CPU
		Release|Any CPU = Release|Any CPU
	EndGlobalSection
	GlobalSection(ProjectConfigurationPlatforms) = postSolution
		{F37E799B-A8E9-4D0C-AFC1-B2228C2C711D}.Debug|Any CPU.ActiveCfg = Debug|Any CPU
		{F37E799B-A8E9-4D0C-AFC1-B2228C2C711D}.Debug|Any CPU.Build.0 = Debug|Any CPU
		{F37E799B-A8E9-4D0C-AFC1-B2228C2C711D}.Release|Any CPU.ActiveCfg = Release|Any CPU
		{F37E799B-A8E9-4D0C-AFC1-B2228C2C711D}.Release|Any CPU.Build.0 = Release|Any CPU
	EndGlobalSection
	GlobalSection(SolutionProperties) = preSolution
		HideSolutionNode = FALSE
	EndGlobalSection
	GlobalSection(ExtensibilityGlobals) = postSolution
		SolutionGuid = {51DD0FEE-F8B9-46C2-8E5E-BC56FE814DE4}
	EndGlobalSection
EndGlobal
